
Microsoft Visual Studio Solution File, Format Version 12.00
Project("{FAE04EC0-301F-11D3-BF4B-00C04F79EFBC}") = "CloudBruh.Trustartup.FeedLogic", "CloudBruh.Trustartup.FeedLogic\CloudBruh.Trustartup.FeedLogic.csproj", "{D1407A8A-823E-4BB7-82AD-3C31B864714F}"
EndProject
Global
	GlobalSection(SolutionConfigurationPlatforms) = preSolution
		Debug|Any CPU = Debug|Any CPU
		Release|Any CPU = Release|Any CPU
	EndGlobalSection
	GlobalSection(ProjectConfigurationPlatforms) = postSolution
		{D1407A8A-823E-4BB7-82AD-3C31B864714F}.Debug|Any CPU.ActiveCfg = Debug|Any CPU
		{D1407A8A-823E-4BB7-82AD-3C31B864714F}.Debug|Any CPU.Build.0 = Debug|Any CPU
		{D1407A8A-823E-4BB7-82AD-3C31B864714F}.Release|Any CPU.ActiveCfg = Release|Any CPU
		{D1407A8A-823E-4BB7-82AD-3C31B864714F}.Release|Any CPU.Build.0 = Release|Any CPU
	EndGlobalSection
EndGlobal
